
Microsoft Visual Studio Solution File, Format Version 11.00
# Visual Studio 2010
Project("{8BC9CEB8-8B4A-11D0-8D11-00A0C91BC942}") = "DataManager", "DataManager\DataManager.vcxproj", "{39B9D085-C170-49AE-A62A-EDB9BD72145D}"
EndProject
Project("{8BC9CEB8-8B4A-11D0-8D11-00A0C91BC942}") = "FileReadWrite", "FileReadWrite\FileReadWrite.vcxproj", "{4F8407DF-66F9-4663-B297-BF21B1DB04E5}"
EndProject
Project("{FAE04EC0-301F-11D3-BF4B-00C04F79EFBC}") = "CSharpTest", "CSharpTest\CSharpTest.csproj", "{8AE4C26B-01CC-4464-84E4-0175090809A6}"
EndProject
Project("{8BC9CEB8-8B4A-11D0-8D11-00A0C91BC942}") = "NewUI", "NewUI\NewUI.vcxproj", "{A6EF5AFC-5229-4983-A09D-C628F429B254}"
EndProject
Project("{8BC9CEB8-8B4A-11D0-8D11-00A0C91BC942}") = "CppTest", "CppTest\CppTest.vcxproj", "{176CA370-2150-4D30-B194-0BA7EFC16391}"
EndProject
Project("{8BC9CEB8-8B4A-11D0-8D11-00A0C91BC942}") = "AbnormalShapeManager", "AbnormalShapeManager\ABT.vcxproj", "{D80506AC-E4DC-402C-B5C9-DEC4335958A5}"
EndProject
Global
	GlobalSection(SolutionConfigurationPlatforms) = preSolution
		Debug|Any CPU = Debug|Any CPU
		Debug|Mixed Platforms = Debug|Mixed Platforms
		Debug|Win32 = Debug|Win32
		Debug|x86 = Debug|x86
		Release|Any CPU = Release|Any CPU
		Release|Mixed Platforms = Release|Mixed Platforms
		Release|Win32 = Release|Win32
		Release|x86 = Release|x86
	EndGlobalSection
	GlobalSection(ProjectConfigurationPlatforms) = postSolution
		{39B9D085-C170-49AE-A62A-EDB9BD72145D}.Debug|Any CPU.ActiveCfg = Debug|Win32
		{39B9D085-C170-49AE-A62A-EDB9BD72145D}.Debug|Mixed Platforms.ActiveCfg = Debug|Win32
		{39B9D085-C170-49AE-A62A-EDB9BD72145D}.Debug|Mixed Platforms.Build.0 = Debug|Win32
		{39B9D085-C170-49AE-A62A-EDB9BD72145D}.Debug|Win32.ActiveCfg = Debug|Win32
		{39B9D085-C170-49AE-A62A-EDB9BD72145D}.Debug|Win32.Build.0 = Debug|Win32
		{39B9D085-C170-49AE-A62A-EDB9BD72145D}.Debug|x86.ActiveCfg = Debug|Win32
		{39B9D085-C170-49AE-A62A-EDB9BD72145D}.Release|Any CPU.ActiveCfg = Release|Win32
		{39B9D085-C170-49AE-A62A-EDB9BD72145D}.Release|Mixed Platforms.ActiveCfg = Release|Win32
		{39B9D085-C170-49AE-A62A-EDB9BD72145D}.Release|Mixed Platforms.Build.0 = Release|Win32
		{39B9D085-C170-49AE-A62A-EDB9BD72145D}.Release|Win32.ActiveCfg = Release|Win32
		{39B9D085-C170-49AE-A62A-EDB9BD72145D}.Release|Win32.Build.0 = Release|Win32
		{39B9D085-C170-49AE-A62A-EDB9BD72145D}.Release|x86.ActiveCfg = Release|Win32
		{4F8407DF-66F9-4663-B297-BF21B1DB04E5}.Debug|Any CPU.ActiveCfg = Debug|Win32
		{4F8407DF-66F9-4663-B297-BF21B1DB04E5}.Debug|Mixed Platforms.ActiveCfg = Debug|Win32
		{4F8407DF-66F9-4663-B297-BF21B1DB04E5}.Debug|Mixed Platforms.Build.0 = Debug|Win32
		{4F8407DF-66F9-4663-B297-BF21B1DB04E5}.Debug|Win32.ActiveCfg = Debug|Win32
		{4F8407DF-66F9-4663-B297-BF21B1DB04E5}.Debug|Win32.Build.0 = Debug|Win32
		{4F8407DF-66F9-4663-B297-BF21B1DB04E5}.Debug|x86.ActiveCfg = Debug|Win32
		{4F8407DF-66F9-4663-B297-BF21B1DB04E5}.Release|Any CPU.ActiveCfg = Release|Win32
		{4F8407DF-66F9-4663-B297-BF21B1DB04E5}.Release|Mixed Platforms.ActiveCfg = Release|Win32
		{4F8407DF-66F9-4663-B297-BF21B1DB04E5}.Release|Mixed Platforms.Build.0 = Release|Win32
		{4F8407DF-66F9-4663-B297-BF21B1DB04E5}.Release|Win32.ActiveCfg = Release|Win32
		{4F8407DF-66F9-4663-B297-BF21B1DB04E5}.Release|Win32.Build.0 = Release|Win32
		{4F8407DF-66F9-4663-B297-BF21B1DB04E5}.Release|x86.ActiveCfg = Release|Win32
		{8AE4C26B-01CC-4464-84E4-0175090809A6}.Debug|Any CPU.ActiveCfg = Debug|x86
		{8AE4C26B-01CC-4464-84E4-0175090809A6}.Debug|Mixed Platforms.ActiveCfg = Debug|x86
		{8AE4C26B-01CC-4464-84E4-0175090809A6}.Debug|Mixed Platforms.Build.0 = Debug|x86
		{8AE4C26B-01CC-4464-84E4-0175090809A6}.Debug|Win32.ActiveCfg = Debug|x86
		{8AE4C26B-01CC-4464-84E4-0175090809A6}.Debug|x86.ActiveCfg = Debug|x86
		{8AE4C26B-01CC-4464-84E4-0175090809A6}.Debug|x86.Build.0 = Debug|x86
		{8AE4C26B-01CC-4464-84E4-0175090809A6}.Release|Any CPU.ActiveCfg = Release|x86
		{8AE4C26B-01CC-4464-84E4-0175090809A6}.Release|Mixed Platforms.ActiveCfg = Release|x86
		{8AE4C26B-01CC-4464-84E4-0175090809A6}.Release|Mixed Platforms.Build.0 = Release|x86
		{8AE4C26B-01CC-4464-84E4-0175090809A6}.Release|Win32.ActiveCfg = Release|x86
		{8AE4C26B-01CC-4464-84E4-0175090809A6}.Release|x86.ActiveCfg = Release|x86
		{8AE4C26B-01CC-4464-84E4-0175090809A6}.Release|x86.Build.0 = Release|x86
		{A6EF5AFC-5229-4983-A09D-C628F429B254}.Debug|Any CPU.ActiveCfg = Debug|Win32
		{A6EF5AFC-5229-4983-A09D-C628F429B254}.Debug|Mixed Platforms.ActiveCfg = Debug|Win32
		{A6EF5AFC-5229-4983-A09D-C628F429B254}.Debug|Mixed Platforms.Build.0 = Debug|Win32
		{A6EF5AFC-5229-4983-A09D-C628F429B254}.Debug|Win32.ActiveCfg = Debug|Win32
		{A6EF5AFC-5229-4983-A09D-C628F429B254}.Debug|Win32.Build.0 = Debug|Win32
		{A6EF5AFC-5229-4983-A09D-C628F429B254}.Debug|x86.ActiveCfg = Debug|Win32
		{A6EF5AFC-5229-4983-A09D-C628F429B254}.Release|Any CPU.ActiveCfg = Release|Win32
		{A6EF5AFC-5229-4983-A09D-C628F429B254}.Release|Mixed Platforms.ActiveCfg = Release|Win32
		{A6EF5AFC-5229-4983-A09D-C628F429B254}.Release|Mixed Platforms.Build.0 = Release|Win32
		{A6EF5AFC-5229-4983-A09D-C628F429B254}.Release|Win32.ActiveCfg = Release|Win32
		{A6EF5AFC-5229-4983-A09D-C628F429B254}.Release|Win32.Build.0 = Release|Win32
		{A6EF5AFC-5229-4983-A09D-C628F429B254}.Release|x86.ActiveCfg = Release|Win32
		{176CA370-2150-4D30-B194-0BA7EFC16391}.Debug|Any CPU.ActiveCfg = Debug|Win32
		{176CA370-2150-4D30-B194-0BA7EFC16391}.Debug|Mixed Platforms.ActiveCfg = Debug|Win32
		{176CA370-2150-4D30-B194-0BA7EFC16391}.Debug|Mixed Platforms.Build.0 = Debug|Win32
		{176CA370-2150-4D30-B194-0BA7EFC16391}.Debug|Win32.ActiveCfg = Debug|Win32
		{176CA370-2150-4D30-B194-0BA7EFC16391}.Debug|Win32.Build.0 = Debug|Win32
		{176CA370-2150-4D30-B194-0BA7EFC16391}.Debug|x86.ActiveCfg = Debug|Win32
		{176CA370-2150-4D30-B194-0BA7EFC16391}.Release|Any CPU.ActiveCfg = Release|Win32
		{176CA370-2150-4D30-B194-0BA7EFC16391}.Release|Mixed Platforms.ActiveCfg = Release|Win32
		{176CA370-2150-4D30-B194-0BA7EFC16391}.Release|Mixed Platforms.Build.0 = Release|Win32
		{176CA370-2150-4D30-B194-0BA7EFC16391}.Release|Win32.ActiveCfg = Release|Win32
		{176CA370-2150-4D30-B194-0BA7EFC16391}.Release|Win32.Build.0 = Release|Win32
		{176CA370-2150-4D30-B194-0BA7EFC16391}.Release|x86.ActiveCfg = Release|Win32
		{D80506AC-E4DC-402C-B5C9-DEC4335958A5}.Debug|Any CPU.ActiveCfg = Debug|Win32
		{D80506AC-E4DC-402C-B5C9-DEC4335958A5}.Debug|Mixed Platforms.ActiveCfg = Debug|Win32
		{D80506AC-E4DC-402C-B5C9-DEC4335958A5}.Debug|Mixed Platforms.Build.0 = Debug|Win32
		{D80506AC-E4DC-402C-B5C9-DEC4335958A5}.Debug|Win32.ActiveCfg = Debug|Win32
		{D80506AC-E4DC-402C-B5C9-DEC4335958A5}.Debug|Win32.Build.0 = Debug|Win32
		{D80506AC-E4DC-402C-B5C9-DEC4335958A5}.Debug|x86.ActiveCfg = Debug|Win32
		{D80506AC-E4DC-402C-B5C9-DEC4335958A5}.Release|Any CPU.ActiveCfg = Release|Win32
		{D80506AC-E4DC-402C-B5C9-DEC4335958A5}.Release|Mixed Platforms.ActiveCfg = Release|Win32
		{D80506AC-E4DC-402C-B5C9-DEC4335958A5}.Release|Mixed Platforms.Build.0 = Release|Win32
		{D80506AC-E4DC-402C-B5C9-DEC4335958A5}.Release|Win32.ActiveCfg = Release|Win32
		{D80506AC-E4DC-402C-B5C9-DEC4335958A5}.Release|Win32.Build.0 = Release|Win32
		{D80506AC-E4DC-402C-B5C9-DEC4335958A5}.Release|x86.ActiveCfg = Release|Win32
	EndGlobalSection
	GlobalSection(SolutionProperties) = preSolution
		HideSolutionNode = FALSE
	EndGlobalSection
EndGlobal
